
Microsoft Visual Studio Solution File, Format Version 12.00
# Visual Studio 2012
Project("{FAE04EC0-301F-11D3-BF4B-00C04F79EFBC}") = "prueba2", "prueba2.csproj", "{AAB03653-A266-4775-AF15-A30FB1B43B0D}"
EndProject
Global
	GlobalSection(SolutionConfigurationPlatforms) = preSolution
		Debug|Any CPU = Debug|Any CPU
		Release|Any CPU = Release|Any CPU
	EndGlobalSection
	GlobalSection(ProjectConfigurationPlatforms) = postSolution
		{AAB03653-A266-4775-AF15-A30FB1B43B0D}.Debug|Any CPU.ActiveCfg = Debug|Any CPU
		{AAB03653-A266-4775-AF15-A30FB1B43B0D}.Debug|Any CPU.Build.0 = Debug|Any CPU
		{AAB03653-A266-4775-AF15-A30FB1B43B0D}.Release|Any CPU.ActiveCfg = Release|Any CPU
		{AAB03653-A266-4775-AF15-A30FB1B43B0D}.Release|Any CPU.Build.0 = Release|Any CPU
	EndGlobalSection
	GlobalSection(SolutionProperties) = preSolution
		HideSolutionNode = FALSE
	EndGlobalSection
EndGlobal
