
Microsoft Visual Studio Solution File, Format Version 12.00
# Visual Studio 2012
Project("{FAE04EC0-301F-11D3-BF4B-00C04F79EFBC}") = "POO_InterfazDefinidoUsuario_08-02", "POO_InterfazDefinidoUsuario_08-02.csproj", "{7AB50A76-4DA2-4420-B05A-1A1CB4A2D7FC}"
EndProject
Global
	GlobalSection(SolutionConfigurationPlatforms) = preSolution
		Debug|Any CPU = Debug|Any CPU
		Release|Any CPU = Release|Any CPU
	EndGlobalSection
	GlobalSection(ProjectConfigurationPlatforms) = postSolution
		{7AB50A76-4DA2-4420-B05A-1A1CB4A2D7FC}.Debug|Any CPU.ActiveCfg = Debug|Any CPU
		{7AB50A76-4DA2-4420-B05A-1A1CB4A2D7FC}.Debug|Any CPU.Build.0 = Debug|Any CPU
		{7AB50A76-4DA2-4420-B05A-1A1CB4A2D7FC}.Release|Any CPU.ActiveCfg = Release|Any CPU
		{7AB50A76-4DA2-4420-B05A-1A1CB4A2D7FC}.Release|Any CPU.Build.0 = Release|Any CPU
	EndGlobalSection
	GlobalSection(SolutionProperties) = preSolution
		HideSolutionNode = FALSE
	EndGlobalSection
EndGlobal
