
Microsoft Visual Studio Solution File, Format Version 12.00
# Visual Studio 2012
Project("{FAE04EC0-301F-11D3-BF4B-00C04F79EFBC}") = "T7_Ejercicio4_ClaseNumeros", "T7_Ejercicio4_ClaseNumeros.csproj", "{2F9B6909-B082-4950-8E3C-A58BE5A1FDC4}"
EndProject
Global
	GlobalSection(SolutionConfigurationPlatforms) = preSolution
		Debug|Any CPU = Debug|Any CPU
		Release|Any CPU = Release|Any CPU
	EndGlobalSection
	GlobalSection(ProjectConfigurationPlatforms) = postSolution
		{2F9B6909-B082-4950-8E3C-A58BE5A1FDC4}.Debug|Any CPU.ActiveCfg = Debug|Any CPU
		{2F9B6909-B082-4950-8E3C-A58BE5A1FDC4}.Debug|Any CPU.Build.0 = Debug|Any CPU
		{2F9B6909-B082-4950-8E3C-A58BE5A1FDC4}.Release|Any CPU.ActiveCfg = Release|Any CPU
		{2F9B6909-B082-4950-8E3C-A58BE5A1FDC4}.Release|Any CPU.Build.0 = Release|Any CPU
	EndGlobalSection
	GlobalSection(SolutionProperties) = preSolution
		HideSolutionNode = FALSE
	EndGlobalSection
EndGlobal
