
Microsoft Visual Studio Solution File, Format Version 12.00
# Visual Studio 2012
Project("{FAE04EC0-301F-11D3-BF4B-00C04F79EFBC}") = "WPF_PanelCanvas_21-03", "WPF_PanelCanvas_21-03.csproj", "{83C36DA9-0C5E-47D7-9391-5B847093299C}"
EndProject
Global
	GlobalSection(SolutionConfigurationPlatforms) = preSolution
		Debug|Any CPU = Debug|Any CPU
		Release|Any CPU = Release|Any CPU
	EndGlobalSection
	GlobalSection(ProjectConfigurationPlatforms) = postSolution
		{83C36DA9-0C5E-47D7-9391-5B847093299C}.Debug|Any CPU.ActiveCfg = Debug|Any CPU
		{83C36DA9-0C5E-47D7-9391-5B847093299C}.Debug|Any CPU.Build.0 = Debug|Any CPU
		{83C36DA9-0C5E-47D7-9391-5B847093299C}.Release|Any CPU.ActiveCfg = Release|Any CPU
		{83C36DA9-0C5E-47D7-9391-5B847093299C}.Release|Any CPU.Build.0 = Release|Any CPU
	EndGlobalSection
	GlobalSection(SolutionProperties) = preSolution
		HideSolutionNode = FALSE
	EndGlobalSection
EndGlobal
