
Microsoft Visual Studio Solution File, Format Version 12.00
# Visual Studio 2012
Project("{FAE04EC0-301F-11D3-BF4B-00C04F79EFBC}") = "WPF_Selectores_05-04", "WPF_Selectores_05-04.csproj", "{8516E62E-3EB8-4E93-94E0-44ECC41D9655}"
EndProject
Global
	GlobalSection(SolutionConfigurationPlatforms) = preSolution
		Debug|Any CPU = Debug|Any CPU
		Release|Any CPU = Release|Any CPU
	EndGlobalSection
	GlobalSection(ProjectConfigurationPlatforms) = postSolution
		{8516E62E-3EB8-4E93-94E0-44ECC41D9655}.Debug|Any CPU.ActiveCfg = Debug|Any CPU
		{8516E62E-3EB8-4E93-94E0-44ECC41D9655}.Debug|Any CPU.Build.0 = Debug|Any CPU
		{8516E62E-3EB8-4E93-94E0-44ECC41D9655}.Release|Any CPU.ActiveCfg = Release|Any CPU
		{8516E62E-3EB8-4E93-94E0-44ECC41D9655}.Release|Any CPU.Build.0 = Release|Any CPU
	EndGlobalSection
	GlobalSection(SolutionProperties) = preSolution
		HideSolutionNode = FALSE
	EndGlobalSection
EndGlobal
