
Microsoft Visual Studio Solution File, Format Version 12.00
# Visual Studio 2012
Project("{FAE04EC0-301F-11D3-BF4B-00C04F79EFBC}") = "POO_Delegados_18-01", "POO_Delegados_18-01.csproj", "{AD5683F9-7278-4CCD-9B9A-E9A114C28C43}"
EndProject
Global
	GlobalSection(SolutionConfigurationPlatforms) = preSolution
		Debug|Any CPU = Debug|Any CPU
		Release|Any CPU = Release|Any CPU
	EndGlobalSection
	GlobalSection(ProjectConfigurationPlatforms) = postSolution
		{AD5683F9-7278-4CCD-9B9A-E9A114C28C43}.Debug|Any CPU.ActiveCfg = Debug|Any CPU
		{AD5683F9-7278-4CCD-9B9A-E9A114C28C43}.Debug|Any CPU.Build.0 = Debug|Any CPU
		{AD5683F9-7278-4CCD-9B9A-E9A114C28C43}.Release|Any CPU.ActiveCfg = Release|Any CPU
		{AD5683F9-7278-4CCD-9B9A-E9A114C28C43}.Release|Any CPU.Build.0 = Release|Any CPU
	EndGlobalSection
	GlobalSection(SolutionProperties) = preSolution
		HideSolutionNode = FALSE
	EndGlobalSection
EndGlobal
