
Microsoft Visual Studio Solution File, Format Version 12.00
# Visual Studio 2012
Project("{FAE04EC0-301F-11D3-BF4B-00C04F79EFBC}") = "WPF_Ej19_Matriz2DBotones", "WPF_Ej19_Matriz2DBotones\WPF_Ej19_Matriz2DBotones.csproj", "{77994EAC-C533-4D8E-A361-8B779FFFF5DD}"
EndProject
Global
	GlobalSection(SolutionConfigurationPlatforms) = preSolution
		Debug|Any CPU = Debug|Any CPU
		Release|Any CPU = Release|Any CPU
	EndGlobalSection
	GlobalSection(ProjectConfigurationPlatforms) = postSolution
		{77994EAC-C533-4D8E-A361-8B779FFFF5DD}.Debug|Any CPU.ActiveCfg = Debug|Any CPU
		{77994EAC-C533-4D8E-A361-8B779FFFF5DD}.Debug|Any CPU.Build.0 = Debug|Any CPU
		{77994EAC-C533-4D8E-A361-8B779FFFF5DD}.Release|Any CPU.ActiveCfg = Release|Any CPU
		{77994EAC-C533-4D8E-A361-8B779FFFF5DD}.Release|Any CPU.Build.0 = Release|Any CPU
	EndGlobalSection
	GlobalSection(SolutionProperties) = preSolution
		HideSolutionNode = FALSE
	EndGlobalSection
EndGlobal
