
Microsoft Visual Studio Solution File, Format Version 12.00
# Visual Studio 2012
Project("{FAE04EC0-301F-11D3-BF4B-00C04F79EFBC}") = "WPF_Grid_19-03", "WPF_Grid_19-03.csproj", "{53DC9716-D76E-472A-A486-D76B47EB4646}"
EndProject
Global
	GlobalSection(SolutionConfigurationPlatforms) = preSolution
		Debug|Any CPU = Debug|Any CPU
		Release|Any CPU = Release|Any CPU
	EndGlobalSection
	GlobalSection(ProjectConfigurationPlatforms) = postSolution
		{53DC9716-D76E-472A-A486-D76B47EB4646}.Debug|Any CPU.ActiveCfg = Debug|Any CPU
		{53DC9716-D76E-472A-A486-D76B47EB4646}.Debug|Any CPU.Build.0 = Debug|Any CPU
		{53DC9716-D76E-472A-A486-D76B47EB4646}.Release|Any CPU.ActiveCfg = Release|Any CPU
		{53DC9716-D76E-472A-A486-D76B47EB4646}.Release|Any CPU.Build.0 = Release|Any CPU
	EndGlobalSection
	GlobalSection(SolutionProperties) = preSolution
		HideSolutionNode = FALSE
	EndGlobalSection
EndGlobal
