
Microsoft Visual Studio Solution File, Format Version 12.00
# Visual Studio 2012
Project("{FAE04EC0-301F-11D3-BF4B-00C04F79EFBC}") = "WPF_Ej1_SumaNnumeros", "WPF_Ej1_SumaNnumeros.csproj", "{104B1EAC-6B5A-4132-B76F-052834B3E7F2}"
EndProject
Global
	GlobalSection(SolutionConfigurationPlatforms) = preSolution
		Debug|Any CPU = Debug|Any CPU
		Release|Any CPU = Release|Any CPU
	EndGlobalSection
	GlobalSection(ProjectConfigurationPlatforms) = postSolution
		{104B1EAC-6B5A-4132-B76F-052834B3E7F2}.Debug|Any CPU.ActiveCfg = Debug|Any CPU
		{104B1EAC-6B5A-4132-B76F-052834B3E7F2}.Debug|Any CPU.Build.0 = Debug|Any CPU
		{104B1EAC-6B5A-4132-B76F-052834B3E7F2}.Release|Any CPU.ActiveCfg = Release|Any CPU
		{104B1EAC-6B5A-4132-B76F-052834B3E7F2}.Release|Any CPU.Build.0 = Release|Any CPU
	EndGlobalSection
	GlobalSection(SolutionProperties) = preSolution
		HideSolutionNode = FALSE
	EndGlobalSection
EndGlobal
