
Microsoft Visual Studio Solution File, Format Version 12.00
# Visual Studio 2012
Project("{FAE04EC0-301F-11D3-BF4B-00C04F79EFBC}") = "ListaLetras_15-03", "ListaLetras_15-03.csproj", "{EE8FAF40-7A07-4E69-83B4-C0F361FBD999}"
EndProject
Global
	GlobalSection(SolutionConfigurationPlatforms) = preSolution
		Debug|Any CPU = Debug|Any CPU
		Release|Any CPU = Release|Any CPU
	EndGlobalSection
	GlobalSection(ProjectConfigurationPlatforms) = postSolution
		{EE8FAF40-7A07-4E69-83B4-C0F361FBD999}.Debug|Any CPU.ActiveCfg = Debug|Any CPU
		{EE8FAF40-7A07-4E69-83B4-C0F361FBD999}.Debug|Any CPU.Build.0 = Debug|Any CPU
		{EE8FAF40-7A07-4E69-83B4-C0F361FBD999}.Release|Any CPU.ActiveCfg = Release|Any CPU
		{EE8FAF40-7A07-4E69-83B4-C0F361FBD999}.Release|Any CPU.Build.0 = Release|Any CPU
	EndGlobalSection
	GlobalSection(SolutionProperties) = preSolution
		HideSolutionNode = FALSE
	EndGlobalSection
EndGlobal
