
Microsoft Visual Studio Solution File, Format Version 12.00
# Visual Studio 2012
Project("{FAE04EC0-301F-11D3-BF4B-00C04F79EFBC}") = "POO_Eventos_18-01", "POO_Eventos_18-01.csproj", "{32CA8EE9-42F4-457D-978B-542928632EE7}"
EndProject
Global
	GlobalSection(SolutionConfigurationPlatforms) = preSolution
		Debug|Any CPU = Debug|Any CPU
		Release|Any CPU = Release|Any CPU
	EndGlobalSection
	GlobalSection(ProjectConfigurationPlatforms) = postSolution
		{32CA8EE9-42F4-457D-978B-542928632EE7}.Debug|Any CPU.ActiveCfg = Debug|Any CPU
		{32CA8EE9-42F4-457D-978B-542928632EE7}.Debug|Any CPU.Build.0 = Debug|Any CPU
		{32CA8EE9-42F4-457D-978B-542928632EE7}.Release|Any CPU.ActiveCfg = Release|Any CPU
		{32CA8EE9-42F4-457D-978B-542928632EE7}.Release|Any CPU.Build.0 = Release|Any CPU
	EndGlobalSection
	GlobalSection(SolutionProperties) = preSolution
		HideSolutionNode = FALSE
	EndGlobalSection
EndGlobal
