
Microsoft Visual Studio Solution File, Format Version 12.00
# Visual Studio 2012
Project("{FAE04EC0-301F-11D3-BF4B-00C04F79EFBC}") = "POO_Interfaces_IPresentable_12-02", "POO_Interfaces_IPresentable_12-02.csproj", "{8DDC905A-12F2-49BD-9B3D-E6BEB31D186B}"
EndProject
Global
	GlobalSection(SolutionConfigurationPlatforms) = preSolution
		Debug|Any CPU = Debug|Any CPU
		Release|Any CPU = Release|Any CPU
	EndGlobalSection
	GlobalSection(ProjectConfigurationPlatforms) = postSolution
		{8DDC905A-12F2-49BD-9B3D-E6BEB31D186B}.Debug|Any CPU.ActiveCfg = Debug|Any CPU
		{8DDC905A-12F2-49BD-9B3D-E6BEB31D186B}.Debug|Any CPU.Build.0 = Debug|Any CPU
		{8DDC905A-12F2-49BD-9B3D-E6BEB31D186B}.Release|Any CPU.ActiveCfg = Release|Any CPU
		{8DDC905A-12F2-49BD-9B3D-E6BEB31D186B}.Release|Any CPU.Build.0 = Release|Any CPU
	EndGlobalSection
	GlobalSection(SolutionProperties) = preSolution
		HideSolutionNode = FALSE
	EndGlobalSection
EndGlobal
