
Microsoft Visual Studio Solution File, Format Version 12.00
# Visual Studio 2012
Project("{FAE04EC0-301F-11D3-BF4B-00C04F79EFBC}") = "WPF_Ej6_RelojDigital", "WPF_Ej6_RelojDigital\WPF_Ej6_RelojDigital.csproj", "{7DDE3930-6F60-47D2-99BE-A49F60B79082}"
EndProject
Global
	GlobalSection(SolutionConfigurationPlatforms) = preSolution
		Debug|Any CPU = Debug|Any CPU
		Release|Any CPU = Release|Any CPU
	EndGlobalSection
	GlobalSection(ProjectConfigurationPlatforms) = postSolution
		{7DDE3930-6F60-47D2-99BE-A49F60B79082}.Debug|Any CPU.ActiveCfg = Debug|Any CPU
		{7DDE3930-6F60-47D2-99BE-A49F60B79082}.Debug|Any CPU.Build.0 = Debug|Any CPU
		{7DDE3930-6F60-47D2-99BE-A49F60B79082}.Release|Any CPU.ActiveCfg = Release|Any CPU
		{7DDE3930-6F60-47D2-99BE-A49F60B79082}.Release|Any CPU.Build.0 = Release|Any CPU
	EndGlobalSection
	GlobalSection(SolutionProperties) = preSolution
		HideSolutionNode = FALSE
	EndGlobalSection
EndGlobal
