
Microsoft Visual Studio Solution File, Format Version 12.00
# Visual Studio 2012
Project("{FAE04EC0-301F-11D3-BF4B-00C04F79EFBC}") = "POO_Metodos_Clase_Herencia_15-01", "POO_Metodos_Clase_Herencia_15-01.csproj", "{8B6EDEE8-63B6-487A-9A31-6562D6E24BD4}"
EndProject
Global
	GlobalSection(SolutionConfigurationPlatforms) = preSolution
		Debug|Any CPU = Debug|Any CPU
		Release|Any CPU = Release|Any CPU
	EndGlobalSection
	GlobalSection(ProjectConfigurationPlatforms) = postSolution
		{8B6EDEE8-63B6-487A-9A31-6562D6E24BD4}.Debug|Any CPU.ActiveCfg = Debug|Any CPU
		{8B6EDEE8-63B6-487A-9A31-6562D6E24BD4}.Debug|Any CPU.Build.0 = Debug|Any CPU
		{8B6EDEE8-63B6-487A-9A31-6562D6E24BD4}.Release|Any CPU.ActiveCfg = Release|Any CPU
		{8B6EDEE8-63B6-487A-9A31-6562D6E24BD4}.Release|Any CPU.Build.0 = Release|Any CPU
	EndGlobalSection
	GlobalSection(SolutionProperties) = preSolution
		HideSolutionNode = FALSE
	EndGlobalSection
EndGlobal
