
Microsoft Visual Studio Solution File, Format Version 12.00
# Visual Studio 2012
Project("{FAE04EC0-301F-11D3-BF4B-00C04F79EFBC}") = "T8_BinaryReaderWriter_8-03", "T8_BinaryReaderWriter_8-03.csproj", "{B4DA4B1B-E138-4AF9-89C4-8BD7BA4C47C3}"
EndProject
Global
	GlobalSection(SolutionConfigurationPlatforms) = preSolution
		Debug|Any CPU = Debug|Any CPU
		Release|Any CPU = Release|Any CPU
	EndGlobalSection
	GlobalSection(ProjectConfigurationPlatforms) = postSolution
		{B4DA4B1B-E138-4AF9-89C4-8BD7BA4C47C3}.Debug|Any CPU.ActiveCfg = Debug|Any CPU
		{B4DA4B1B-E138-4AF9-89C4-8BD7BA4C47C3}.Debug|Any CPU.Build.0 = Debug|Any CPU
		{B4DA4B1B-E138-4AF9-89C4-8BD7BA4C47C3}.Release|Any CPU.ActiveCfg = Release|Any CPU
		{B4DA4B1B-E138-4AF9-89C4-8BD7BA4C47C3}.Release|Any CPU.Build.0 = Release|Any CPU
	EndGlobalSection
	GlobalSection(SolutionProperties) = preSolution
		HideSolutionNode = FALSE
	EndGlobalSection
EndGlobal
