
Microsoft Visual Studio Solution File, Format Version 12.00
# Visual Studio 2012
Project("{FAE04EC0-301F-11D3-BF4B-00C04F79EFBC}") = "T8_Ejercicio11_LeerLineas", "T8_Ejercicio11_LeerLineas\T8_Ejercicio11_LeerLineas.csproj", "{6109FB8A-313E-4D1A-A1AB-98A6A0FFF69D}"
EndProject
Global
	GlobalSection(SolutionConfigurationPlatforms) = preSolution
		Debug|Any CPU = Debug|Any CPU
		Release|Any CPU = Release|Any CPU
	EndGlobalSection
	GlobalSection(ProjectConfigurationPlatforms) = postSolution
		{6109FB8A-313E-4D1A-A1AB-98A6A0FFF69D}.Debug|Any CPU.ActiveCfg = Debug|Any CPU
		{6109FB8A-313E-4D1A-A1AB-98A6A0FFF69D}.Debug|Any CPU.Build.0 = Debug|Any CPU
		{6109FB8A-313E-4D1A-A1AB-98A6A0FFF69D}.Release|Any CPU.ActiveCfg = Release|Any CPU
		{6109FB8A-313E-4D1A-A1AB-98A6A0FFF69D}.Release|Any CPU.Build.0 = Release|Any CPU
	EndGlobalSection
	GlobalSection(SolutionProperties) = preSolution
		HideSolutionNode = FALSE
	EndGlobalSection
EndGlobal
