
Microsoft Visual Studio Solution File, Format Version 12.00
# Visual Studio 2012
Project("{FAE04EC0-301F-11D3-BF4B-00C04F79EFBC}") = "WPF_Ej13_EditorTexto", "WPF_Ej13_EditorTexto\WPF_Ej13_EditorTexto.csproj", "{4D7C4804-E4F5-4392-9C11-B8FE3B679FDC}"
EndProject
Global
	GlobalSection(SolutionConfigurationPlatforms) = preSolution
		Debug|Any CPU = Debug|Any CPU
		Release|Any CPU = Release|Any CPU
	EndGlobalSection
	GlobalSection(ProjectConfigurationPlatforms) = postSolution
		{4D7C4804-E4F5-4392-9C11-B8FE3B679FDC}.Debug|Any CPU.ActiveCfg = Debug|Any CPU
		{4D7C4804-E4F5-4392-9C11-B8FE3B679FDC}.Debug|Any CPU.Build.0 = Debug|Any CPU
		{4D7C4804-E4F5-4392-9C11-B8FE3B679FDC}.Release|Any CPU.ActiveCfg = Release|Any CPU
		{4D7C4804-E4F5-4392-9C11-B8FE3B679FDC}.Release|Any CPU.Build.0 = Release|Any CPU
	EndGlobalSection
	GlobalSection(SolutionProperties) = preSolution
		HideSolutionNode = FALSE
	EndGlobalSection
EndGlobal
