
Microsoft Visual Studio Solution File, Format Version 12.00
# Visual Studio 2012
Project("{FAE04EC0-301F-11D3-BF4B-00C04F79EFBC}") = "T8_Ejercicio14_ComandosMSDOS", "T8_Ejercicio14_ComandosMSDOS.csproj", "{C806E28C-CACB-464A-89E1-3F55DE115877}"
EndProject
Global
	GlobalSection(SolutionConfigurationPlatforms) = preSolution
		Debug|Any CPU = Debug|Any CPU
		Release|Any CPU = Release|Any CPU
	EndGlobalSection
	GlobalSection(ProjectConfigurationPlatforms) = postSolution
		{C806E28C-CACB-464A-89E1-3F55DE115877}.Debug|Any CPU.ActiveCfg = Debug|Any CPU
		{C806E28C-CACB-464A-89E1-3F55DE115877}.Debug|Any CPU.Build.0 = Debug|Any CPU
		{C806E28C-CACB-464A-89E1-3F55DE115877}.Release|Any CPU.ActiveCfg = Release|Any CPU
		{C806E28C-CACB-464A-89E1-3F55DE115877}.Release|Any CPU.Build.0 = Release|Any CPU
	EndGlobalSection
	GlobalSection(SolutionProperties) = preSolution
		HideSolutionNode = FALSE
	EndGlobalSection
EndGlobal
