
Microsoft Visual Studio Solution File, Format Version 12.00
# Visual Studio 2012
Project("{FAE04EC0-301F-11D3-BF4B-00C04F79EFBC}") = "T8_ClasePath_19-02", "T8_ClasePath_19-02.csproj", "{B9417B5A-E743-4D0C-B54E-7404EE861C4E}"
EndProject
Global
	GlobalSection(SolutionConfigurationPlatforms) = preSolution
		Debug|Any CPU = Debug|Any CPU
		Release|Any CPU = Release|Any CPU
	EndGlobalSection
	GlobalSection(ProjectConfigurationPlatforms) = postSolution
		{B9417B5A-E743-4D0C-B54E-7404EE861C4E}.Debug|Any CPU.ActiveCfg = Debug|Any CPU
		{B9417B5A-E743-4D0C-B54E-7404EE861C4E}.Debug|Any CPU.Build.0 = Debug|Any CPU
		{B9417B5A-E743-4D0C-B54E-7404EE861C4E}.Release|Any CPU.ActiveCfg = Release|Any CPU
		{B9417B5A-E743-4D0C-B54E-7404EE861C4E}.Release|Any CPU.Build.0 = Release|Any CPU
	EndGlobalSection
	GlobalSection(SolutionProperties) = preSolution
		HideSolutionNode = FALSE
	EndGlobalSection
EndGlobal
